
Microsoft Visual Studio Solution File, Format Version 12.00
# Visual Studio 15
VisualStudioVersion = 15.0.28307.489
MinimumVisualStudioVersion = 10.0.40219.1
Project("{FAE04EC0-301F-11D3-BF4B-00C04F79EFBC}") = "calculatorofMike", "calculatorofMike.csproj", "{C023740B-5179-4E52-BBB2-0E4079E4F88D}"
EndProject
Global
	GlobalSection(SolutionConfigurationPlatforms) = preSolution
		Debug|Any CPU = Debug|Any CPU
		Release|Any CPU = Release|Any CPU
	EndGlobalSection
	GlobalSection(ProjectConfigurationPlatforms) = postSolution
		{C023740B-5179-4E52-BBB2-0E4079E4F88D}.Debug|Any CPU.ActiveCfg = Debug|Any CPU
		{C023740B-5179-4E52-BBB2-0E4079E4F88D}.Debug|Any CPU.Build.0 = Debug|Any CPU
		{C023740B-5179-4E52-BBB2-0E4079E4F88D}.Release|Any CPU.ActiveCfg = Release|Any CPU
		{C023740B-5179-4E52-BBB2-0E4079E4F88D}.Release|Any CPU.Build.0 = Release|Any CPU
	EndGlobalSection
	GlobalSection(SolutionProperties) = preSolution
		HideSolutionNode = FALSE
	EndGlobalSection
	GlobalSection(ExtensibilityGlobals) = postSolution
		SolutionGuid = {393CAE74-E35D-426E-A239-77FF5EC9DE1A}
	EndGlobalSection
EndGlobal
